Microsoft Visual Studio Solution File, Format Version 12.00
# Visual Studio Version 17
VisualStudioVersion = 17.5.2.0
MinimumVisualStudioVersion = 10.0.40219.1
Project("{2150E333-8FDC-42A3-9474-1A3956D46DE8}") = "payment-service", "payment-service", "{8A753028-D84C-6DAA-E0CD-F2775330973A}"
EndProject
Project("{FAE04EC0-301F-11D3-BF4B-00C04F79EFBC}") = "PaymentService", "payment-service\PaymentService\PaymentService.csproj", "{A908D2CB-2C7E-2C2D-3AD0-657B533E2FDF}"
EndProject
Global
	GlobalSection(SolutionConfigurationPlatforms) = preSolution
		Debug|Any CPU = Debug|Any CPU
		Release|Any CPU = Release|Any CPU
	EndGlobalSection
	GlobalSection(ProjectConfigurationPlatforms) = postSolution
		{A908D2CB-2C7E-2C2D-3AD0-657B533E2FDF}.Debug|Any CPU.ActiveCfg = Debug|Any CPU
		{A908D2CB-2C7E-2C2D-3AD0-657B533E2FDF}.Debug|Any CPU.Build.0 = Debug|Any CPU
		{A908D2CB-2C7E-2C2D-3AD0-657B533E2FDF}.Release|Any CPU.ActiveCfg = Release|Any CPU
		{A908D2CB-2C7E-2C2D-3AD0-657B533E2FDF}.Release|Any CPU.Build.0 = Release|Any CPU
	EndGlobalSection
	GlobalSection(SolutionProperties) = preSolution
		HideSolutionNode = FALSE
	EndGlobalSection
	GlobalSection(NestedProjects) = preSolution
		{A908D2CB-2C7E-2C2D-3AD0-657B533E2FDF} = {8A753028-D84C-6DAA-E0CD-F2775330973A}
	EndGlobalSection
	GlobalSection(ExtensibilityGlobals) = postSolution
		SolutionGuid = {B186429D-6D86-4E2A-A7C3-D93015B04DDD}
	EndGlobalSection
EndGlobal
